
Microsoft Visual Studio Solution File, Format Version 12.00
# Visual Studio Version 17
VisualStudioVersion = 17.4.33103.184
MinimumVisualStudioVersion = 10.0.40219.1
Project("{9A19103F-16F7-4668-BE54-9A1E7A4F7556}") = "SkillBilAuth", "SkillBilAuth\SkillBilAuth.csproj", "{7BED710E-E386-492C-B57D-4673DEAFD558}"
EndProject
Global
	GlobalSection(SolutionConfigurationPlatforms) = preSolution
		Debug|Any CPU = Debug|Any CPU
		Release|Any CPU = Release|Any CPU
	EndGlobalSection
	GlobalSection(ProjectConfigurationPlatforms) = postSolution
		{7BED710E-E386-492C-B57D-4673DEAFD558}.Debug|Any CPU.ActiveCfg = Debug|Any CPU
		{7BED710E-E386-492C-B57D-4673DEAFD558}.Debug|Any CPU.Build.0 = Debug|Any CPU
		{7BED710E-E386-492C-B57D-4673DEAFD558}.Release|Any CPU.ActiveCfg = Release|Any CPU
		{7BED710E-E386-492C-B57D-4673DEAFD558}.Release|Any CPU.Build.0 = Release|Any CPU
	EndGlobalSection
	GlobalSection(SolutionProperties) = preSolution
		HideSolutionNode = FALSE
	EndGlobalSection
	GlobalSection(ExtensibilityGlobals) = postSolution
		SolutionGuid = {63A59532-124F-4FFC-99A0-E6CADDD72D4B}
	EndGlobalSection
EndGlobal
